
Microsoft Visual Studio Solution File, Format Version 12.00
# Visual Studio 15
VisualStudioVersion = 15.0.33026.149
MinimumVisualStudioVersion = 10.0.40219.1
Project("{FAE04EC0-301F-11D3-BF4B-00C04F79EFBC}") = "Formularios", "Formularios\Formularios.csproj", "{251A1C96-67CA-48DE-9B81-E4B61F60CCF2}"
EndProject
Global
	GlobalSection(SolutionConfigurationPlatforms) = preSolution
		Debug|Any CPU = Debug|Any CPU
		Release|Any CPU = Release|Any CPU
	EndGlobalSection
	GlobalSection(ProjectConfigurationPlatforms) = postSolution
		{251A1C96-67CA-48DE-9B81-E4B61F60CCF2}.Debug|Any CPU.ActiveCfg = Debug|Any CPU
		{251A1C96-67CA-48DE-9B81-E4B61F60CCF2}.Debug|Any CPU.Build.0 = Debug|Any CPU
		{251A1C96-67CA-48DE-9B81-E4B61F60CCF2}.Release|Any CPU.ActiveCfg = Release|Any CPU
		{251A1C96-67CA-48DE-9B81-E4B61F60CCF2}.Release|Any CPU.Build.0 = Release|Any CPU
	EndGlobalSection
	GlobalSection(SolutionProperties) = preSolution
		HideSolutionNode = FALSE
	EndGlobalSection
	GlobalSection(ExtensibilityGlobals) = postSolution
		SolutionGuid = {8A6E0287-FF67-41DD-BDAD-A5AC467246D6}
	EndGlobalSection
EndGlobal
