
Microsoft Visual Studio Solution File, Format Version 12.00
# Visual Studio 15
VisualStudioVersion = 15.0.33026.149
MinimumVisualStudioVersion = 10.0.40219.1
Project("{FAE04EC0-301F-11D3-BF4B-00C04F79EFBC}") = "Formularios", "Formularios\Formularios.csproj", "{251A1C96-67CA-48DE-9B81-E4B61F60CCF2}"
EndProject
Project("{FAE04EC0-301F-11D3-BF4B-00C04F79EFBC}") = "CapaDeDados", "CapaDeDados\CapaDeDados.csproj", "{774A798A-CAEE-45EF-8D21-51470D116B98}"
EndProject
Project("{FAE04EC0-301F-11D3-BF4B-00C04F79EFBC}") = "CapaDeEntidade", "CapaDeEntidade\CapaDeEntidade.csproj", "{EBEDAD2C-0808-4A8A-9F91-2BF8388776A4}"
EndProject
Project("{FAE04EC0-301F-11D3-BF4B-00C04F79EFBC}") = "CapaDeNegocio", "CapaDeNegocio\CapaDeNegocio.csproj", "{CE453989-80A3-4AF0-87F2-68ECF8CA25A3}"
EndProject
Global
	GlobalSection(SolutionConfigurationPlatforms) = preSolution
		Debug|Any CPU = Debug|Any CPU
		Release|Any CPU = Release|Any CPU
	EndGlobalSection
	GlobalSection(ProjectConfigurationPlatforms) = postSolution
		{251A1C96-67CA-48DE-9B81-E4B61F60CCF2}.Debug|Any CPU.ActiveCfg = Debug|Any CPU
		{251A1C96-67CA-48DE-9B81-E4B61F60CCF2}.Debug|Any CPU.Build.0 = Debug|Any CPU
		{251A1C96-67CA-48DE-9B81-E4B61F60CCF2}.Release|Any CPU.ActiveCfg = Release|Any CPU
		{251A1C96-67CA-48DE-9B81-E4B61F60CCF2}.Release|Any CPU.Build.0 = Release|Any CPU
		{774A798A-CAEE-45EF-8D21-51470D116B98}.Debug|Any CPU.ActiveCfg = Debug|Any CPU
		{774A798A-CAEE-45EF-8D21-51470D116B98}.Debug|Any CPU.Build.0 = Debug|Any CPU
		{774A798A-CAEE-45EF-8D21-51470D116B98}.Release|Any CPU.ActiveCfg = Release|Any CPU
		{774A798A-CAEE-45EF-8D21-51470D116B98}.Release|Any CPU.Build.0 = Release|Any CPU
		{EBEDAD2C-0808-4A8A-9F91-2BF8388776A4}.Debug|Any CPU.ActiveCfg = Debug|Any CPU
		{EBEDAD2C-0808-4A8A-9F91-2BF8388776A4}.Debug|Any CPU.Build.0 = Debug|Any CPU
		{EBEDAD2C-0808-4A8A-9F91-2BF8388776A4}.Release|Any CPU.ActiveCfg = Release|Any CPU
		{EBEDAD2C-0808-4A8A-9F91-2BF8388776A4}.Release|Any CPU.Build.0 = Release|Any CPU
		{CE453989-80A3-4AF0-87F2-68ECF8CA25A3}.Debug|Any CPU.ActiveCfg = Debug|Any CPU
		{CE453989-80A3-4AF0-87F2-68ECF8CA25A3}.Debug|Any CPU.Build.0 = Debug|Any CPU
		{CE453989-80A3-4AF0-87F2-68ECF8CA25A3}.Release|Any CPU.ActiveCfg = Release|Any CPU
		{CE453989-80A3-4AF0-87F2-68ECF8CA25A3}.Release|Any CPU.Build.0 = Release|Any CPU
	EndGlobalSection
	GlobalSection(SolutionProperties) = preSolution
		HideSolutionNode = FALSE
	EndGlobalSection
	GlobalSection(ExtensibilityGlobals) = postSolution
		SolutionGuid = {8A6E0287-FF67-41DD-BDAD-A5AC467246D6}
	EndGlobalSection
EndGlobal
